
Microsoft Visual Studio Solution File, Format Version 12.00
# Visual Studio 15
Project("{FAE04EC0-301F-11D3-BF4B-00C04F79EFBC}") = "herancacliente", "herancacliente\herancacliente.csproj", "{932DF518-5730-4579-8E8A-D00E55B10B4F}"
EndProject
Global
	GlobalSection(SolutionConfigurationPlatforms) = preSolution
		Debug|Any CPU = Debug|Any CPU
		Release|Any CPU = Release|Any CPU
	EndGlobalSection
	GlobalSection(ProjectConfigurationPlatforms) = postSolution
		{932DF518-5730-4579-8E8A-D00E55B10B4F}.Debug|Any CPU.ActiveCfg = Debug|Any CPU
		{932DF518-5730-4579-8E8A-D00E55B10B4F}.Debug|Any CPU.Build.0 = Debug|Any CPU
		{932DF518-5730-4579-8E8A-D00E55B10B4F}.Release|Any CPU.ActiveCfg = Release|Any CPU
		{932DF518-5730-4579-8E8A-D00E55B10B4F}.Release|Any CPU.Build.0 = Release|Any CPU
	EndGlobalSection
EndGlobal
